
Microsoft Visual Studio Solution File, Format Version 12.00
# Visual Studio Version 16
VisualStudioVersion = 16.0.30711.63
MinimumVisualStudioVersion = 10.0.40219.1
Project("{FAE04EC0-301F-11D3-BF4B-00C04F79EFBC}") = "Super Reduced String", "Super Reduced String.csproj", "{CF8AA6BE-A023-4DE5-AF98-089710E08BBD}"
EndProject
Global
	GlobalSection(SolutionConfigurationPlatforms) = preSolution
		Debug|Any CPU = Debug|Any CPU
		Release|Any CPU = Release|Any CPU
	EndGlobalSection
	GlobalSection(ProjectConfigurationPlatforms) = postSolution
		{CF8AA6BE-A023-4DE5-AF98-089710E08BBD}.Debug|Any CPU.ActiveCfg = Debug|Any CPU
		{CF8AA6BE-A023-4DE5-AF98-089710E08BBD}.Debug|Any CPU.Build.0 = Debug|Any CPU
		{CF8AA6BE-A023-4DE5-AF98-089710E08BBD}.Release|Any CPU.ActiveCfg = Release|Any CPU
		{CF8AA6BE-A023-4DE5-AF98-089710E08BBD}.Release|Any CPU.Build.0 = Release|Any CPU
	EndGlobalSection
	GlobalSection(SolutionProperties) = preSolution
		HideSolutionNode = FALSE
	EndGlobalSection
	GlobalSection(ExtensibilityGlobals) = postSolution
		SolutionGuid = {4731F75E-2FB4-46DE-98F4-B36EE1574308}
	EndGlobalSection
EndGlobal
